<?xml version="1.0" encoding="utf-8"?>
<Project ToolsVersion="4.0" xmlns="http://schemas.microsoft.com/developer/msbuild/2003">
  <ItemGroup>
    <Filter Include="src">
      <UniqueIdentifier>{787260e2-b42b-4da7-98bd-36f8fee6a1ce}</UniqueIdentifier>
    </Filter>
    <Filter Include="assets">
      <UniqueIdentifier>{67DA6AB6-F800-4c08-8B7A-83BB121AAD01}</UniqueIdentifier>
      <Extensions>rc;ico;cur;bmp;dlg;rc2;rct;bin;rgs;gif;jpg;jpeg;jpe;resx;tiff;tif;png;wav;mfcribbon-ms</Extensions>
    </Filter>
    <Filter Include="assets\audio">
      <UniqueIdentifier>{3928f2e0-9ef2-495f-b108-76c89eefa85e}</UniqueIdentifier>
    </Filter>
    <Filter Include="assets\levels">
      <UniqueIdentifier>{98f3ba85-4ec5-4d49-a420-2ff9460c7243}</UniqueIdentifier>
    </Filter>
    <Filter Include="assets\textures">
      <UniqueIdentifier>{cf7fb451-9d4c-4c16-81ad-a0db3bcfc551}</UniqueIdentifier>
    </Filter>
    <Filter Include="assets\animations">
      <UniqueIdentifier>{339272ed-05e9-4d2d-9ece-b9f038630a07}</UniqueIdentifier>
    </Filter>
    <Filter Include="Sources">
      <UniqueIdentifier>{4FC737F1-C7A5-4376-A066-2A32D752A2FF}</UniqueIdentifier>
      <Extensions>cpp;c;cc;cxx;c++;cppm;ixx;def;odl;idl;hpj;bat;asm;asmx</Extensions>
    </Filter>
    <Filter Include="Headers">
      <UniqueIdentifier>{93995380-89BD-4b04-88EB-625FBE52EBFB}</UniqueIdentifier>
      <Extensions>h;hh;hpp;hxx;h++;hm;inl;inc;ipp;xsd</Extensions>
    </Filter>
  </ItemGroup>
  <ItemGroup>
    <ClCompile Include="src\BattleCitySFMLClone.cpp">
      <Filter>src</Filter>
    </ClCompile>
    <ClCompile Include="Sources\BattleCityManager.cpp">
      <Filter>Sources</Filter>
    </ClCompile>
  </ItemGroup>
  <ItemGroup>
    <Media Include="assets\audio\enemy_movement.wav">
      <Filter>assets\audio</Filter>
    </Media>
    <Media Include="assets\audio\enemy_shot.wav">
      <Filter>assets\audio</Filter>
    </Media>
    <Media Include="assets\audio\explode.wav">
      <Filter>assets\audio</Filter>
    </Media>
    <Media Include="assets\audio\explode_eagle.wav">
      <Filter>assets\audio</Filter>
    </Media>
    <Media Include="assets\audio\hit.wav">
      <Filter>assets\audio</Filter>
    </Media>
    <Media Include="assets\audio\lost.wav">
      <Filter>assets\audio</Filter>
    </Media>
    <Media Include="assets\audio\player_movement.wav">
      <Filter>assets\audio</Filter>
    </Media>
    <Media Include="assets\audio\win.wav">
      <Filter>assets\audio</Filter>
    </Media>
  </ItemGroup>
  <ItemGroup>
    <None Include="assets\levels\Level_001.json">
      <Filter>assets\levels</Filter>
    </None>
    <None Include="assets\levels\Level_002.json">
      <Filter>assets\levels</Filter>
    </None>
    <None Include="assets\animations\enemy_anim.json">
      <Filter>assets\animations</Filter>
    </None>
    <None Include="assets\animations\player_anim.json">
      <Filter>assets\animations</Filter>
    </None>
  </ItemGroup>
  <ItemGroup>
    <Image Include="assets\textures\gameplay_entities_atlas.png">
      <Filter>assets\textures</Filter>
    </Image>
    <Image Include="assets\textures\gameplay_level_atlas.png">
      <Filter>assets\textures</Filter>
    </Image>
  </ItemGroup>
  <ItemGroup>
    <ClInclude Include="Headers\BattleCityManager.h">
      <Filter>Headers</Filter>
    </ClInclude>
  </ItemGroup>
</Project>