<?xml version="1.0" encoding="utf-8"?>
<Project ToolsVersion="4.0" xmlns="http://schemas.microsoft.com/developer/msbuild/2003">
  <ItemGroup>
    <Filter Include="Include">
      <UniqueIdentifier>{93995380-89BD-4b04-88EB-625FBE52EBFB}</UniqueIdentifier>
      <Extensions>h;hh;hpp;hxx;h++;hm;inl;inc;ipp;xsd</Extensions>
    </Filter>
    <Filter Include="src">
      <UniqueIdentifier>{4FC737F1-C7A5-4376-A066-2A32D752A2FF}</UniqueIdentifier>
      <Extensions>cpp;c;cc;cxx;c++;cppm;ixx;def;odl;idl;hpj;bat;asm;asmx</Extensions>
    </Filter>
    <Filter Include="Include\GameEngine">
      <UniqueIdentifier>{c7b49a2c-4aa4-43f0-84bf-389c868b2713}</UniqueIdentifier>
    </Filter>
  </ItemGroup>
  <ItemGroup>
    <ClInclude Include="include\GameEngine\GameEngineExportDefine.h">
      <Filter>Include\GameEngine</Filter>
    </ClInclude>
    <ClInclude Include="include\GameEngine\GameManager.h">
      <Filter>Include\GameEngine</Filter>
    </ClInclude>
    <ClInclude Include="include\GameEngine\GameComponents.h">
      <Filter>Include\GameEngine</Filter>
    </ClInclude>
    <ClInclude Include="include\GameEngine\RenderSystem.h">
      <Filter>Include\GameEngine</Filter>
    </ClInclude>
    <ClInclude Include="include\GameEngine\ConfigLoader.h">
      <Filter>Include\GameEngine</Filter>
    </ClInclude>
    <ClInclude Include="include\GameEngine\AssetLoader.h">
      <Filter>Include\GameEngine</Filter>
    </ClInclude>
    <ClInclude Include="include\GameEngine\FilePathHelper.h">
      <Filter>Include\GameEngine</Filter>
    </ClInclude>
    <ClInclude Include="include\GameEngine\AnimationSystem.h">
      <Filter>Include\GameEngine</Filter>
    </ClInclude>
    <ClInclude Include="include\GameEngine\GameData.h">
      <Filter>Include\GameEngine</Filter>
    </ClInclude>
    <ClInclude Include="include\GameEngine\MovementSystem.h">
      <Filter>Include\GameEngine</Filter>
    </ClInclude>
  </ItemGroup>
  <ItemGroup>
    <ClCompile Include="src\GameManager.cpp">
      <Filter>src</Filter>
    </ClCompile>
    <ClCompile Include="src\RenderSystem.cpp">
      <Filter>src</Filter>
    </ClCompile>
    <ClCompile Include="src\ConfigLoader.cpp">
      <Filter>src</Filter>
    </ClCompile>
    <ClCompile Include="src\AssetLoader.cpp">
      <Filter>src</Filter>
    </ClCompile>
    <ClCompile Include="src\FilePathHelper.cpp">
      <Filter>src</Filter>
    </ClCompile>
    <ClCompile Include="src\AnimationSystem.cpp">
      <Filter>src</Filter>
    </ClCompile>
    <ClCompile Include="src\MovementSystem.cpp">
      <Filter>src</Filter>
    </ClCompile>
  </ItemGroup>
</Project>